
Microsoft Visual Studio Solution File, Format Version 12.00
# Visual Studio Version 17
VisualStudioVersion = 17.8.34330.188
MinimumVisualStudioVersion = 10.0.40219.1
Project("{FAE04EC0-301F-11D3-BF4B-00C04F79EFBC}") = "client", "client\client.csproj", "{D152BFFA-248A-469C-93D1-E35741758D3A}"
EndProject
Global
	GlobalSection(SolutionConfigurationPlatforms) = preSolution
		Debug|Any CPU = Debug|Any CPU
		Release|Any CPU = Release|Any CPU
	EndGlobalSection
	GlobalSection(ProjectConfigurationPlatforms) = postSolution
		{D152BFFA-248A-469C-93D1-E35741758D3A}.Debug|Any CPU.ActiveCfg = Debug|Any CPU
		{D152BFFA-248A-469C-93D1-E35741758D3A}.Debug|Any CPU.Build.0 = Debug|Any CPU
		{D152BFFA-248A-469C-93D1-E35741758D3A}.Release|Any CPU.ActiveCfg = Release|Any CPU
		{D152BFFA-248A-469C-93D1-E35741758D3A}.Release|Any CPU.Build.0 = Release|Any CPU
	EndGlobalSection
	GlobalSection(SolutionProperties) = preSolution
		HideSolutionNode = FALSE
	EndGlobalSection
	GlobalSection(ExtensibilityGlobals) = postSolution
		SolutionGuid = {C8649181-1163-4E9B-9FED-A3123CB38B6A}
	EndGlobalSection
EndGlobal
